
Microsoft Visual Studio Solution File, Format Version 12.00
# Visual Studio Version 17
VisualStudioVersion = 17.0.32126.317
MinimumVisualStudioVersion = 10.0.40219.1
Project("{9A19103F-16F7-4668-BE54-9A1E7A4F7556}") = "FumbblApi", "FumbblApi\FumbblApi.csproj", "{950A56F7-FFB9-4C8F-A0A0-811C966934CD}"
EndProject
Project("{9A19103F-16F7-4668-BE54-9A1E7A4F7556}") = "FumbblApiTest", "FumbblApiTest\FumbblApiTest.csproj", "{33747ED8-AB69-4B7D-80EF-7B11CC02219D}"
EndProject
Global
	GlobalSection(SolutionConfigurationPlatforms) = preSolution
		Debug|Any CPU = Debug|Any CPU
		Release|Any CPU = Release|Any CPU
	EndGlobalSection
	GlobalSection(ProjectConfigurationPlatforms) = postSolution
		{950A56F7-FFB9-4C8F-A0A0-811C966934CD}.Debug|Any CPU.ActiveCfg = Debug|Any CPU
		{950A56F7-FFB9-4C8F-A0A0-811C966934CD}.Debug|Any CPU.Build.0 = Debug|Any CPU
		{950A56F7-FFB9-4C8F-A0A0-811C966934CD}.Release|Any CPU.ActiveCfg = Release|Any CPU
		{950A56F7-FFB9-4C8F-A0A0-811C966934CD}.Release|Any CPU.Build.0 = Release|Any CPU
		{33747ED8-AB69-4B7D-80EF-7B11CC02219D}.Debug|Any CPU.ActiveCfg = Debug|Any CPU
		{33747ED8-AB69-4B7D-80EF-7B11CC02219D}.Debug|Any CPU.Build.0 = Debug|Any CPU
		{33747ED8-AB69-4B7D-80EF-7B11CC02219D}.Release|Any CPU.ActiveCfg = Release|Any CPU
		{33747ED8-AB69-4B7D-80EF-7B11CC02219D}.Release|Any CPU.Build.0 = Release|Any CPU
	EndGlobalSection
	GlobalSection(SolutionProperties) = preSolution
		HideSolutionNode = FALSE
	EndGlobalSection
	GlobalSection(ExtensibilityGlobals) = postSolution
		SolutionGuid = {5770596A-329E-47DA-8D12-46901D3E2E04}
	EndGlobalSection
EndGlobal
