
Microsoft Visual Studio Solution File, Format Version 12.00
# Visual Studio Version 17
VisualStudioVersion = 17.0.32126.317
MinimumVisualStudioVersion = 10.0.40219.1
Project("{9A19103F-16F7-4668-BE54-9A1E7A4F7556}") = "FumbblApi", "FumbblApi.csproj", "{E36A0881-E3AC-40B9-B9E3-8ED7F7E02712}"
EndProject
Global
	GlobalSection(SolutionConfigurationPlatforms) = preSolution
		Debug|Any CPU = Debug|Any CPU
		Release|Any CPU = Release|Any CPU
	EndGlobalSection
	GlobalSection(ProjectConfigurationPlatforms) = postSolution
		{E36A0881-E3AC-40B9-B9E3-8ED7F7E02712}.Debug|Any CPU.ActiveCfg = Debug|Any CPU
		{E36A0881-E3AC-40B9-B9E3-8ED7F7E02712}.Debug|Any CPU.Build.0 = Debug|Any CPU
		{E36A0881-E3AC-40B9-B9E3-8ED7F7E02712}.Release|Any CPU.ActiveCfg = Release|Any CPU
		{E36A0881-E3AC-40B9-B9E3-8ED7F7E02712}.Release|Any CPU.Build.0 = Release|Any CPU
	EndGlobalSection
	GlobalSection(SolutionProperties) = preSolution
		HideSolutionNode = FALSE
	EndGlobalSection
	GlobalSection(ExtensibilityGlobals) = postSolution
		SolutionGuid = {5770596A-329E-47DA-8D12-46901D3E2E04}
	EndGlobalSection
EndGlobal
